[[package]]
name = "ans_utils_v2.aleo"
location = "local"
path = "/Users/palong/bandersnatch/projects/zmarket/programs/listings/ans/../../../../ans-programs/programs/registry/../ans_utils"
checksum = "00f4885f073789d0340bebfd0a055d319e11509c7242bf7bba73fd955e458e72"
dependencies = []

[[package]]
name = "aleo_name_service_registry_v4.aleo"
location = "local"
path = "/Users/palong/bandersnatch/projects/zmarket/programs/listings/ans/../../../../ans-programs/programs/registry/"
checksum = "9299fd350a8349ef4380eaeac9ba7d2e2050551e0562168e7f30e59cab5619c4"
dependencies = ["ans_utils_v2.aleo"]

[[package]]
name = "credits.aleo"
network = "testnet"
location = "network"
checksum = "e185a49fba7f5e477c3fedf8968be9912ae7d8db34531c246041e899175e4d33"
dependencies = []

[[package]]
name = "zmarket_marketplace_volume.aleo"
location = "local"
path = "/Users/palong/bandersnatch/projects/zmarket/programs/listings/ans/../../utils/volume/"
checksum = "4727973e62430234c05d35a5be4c5485cfcc99934a83e7168fdf3f59b2c515fa"
dependencies = ["credits.aleo"]
