[[package]]
name = "ans_utils_v2.aleo"
location = "local"
path = "/Users/palong/bandersnatch/projects/zmarket/programs/listings/ans/../../../../ans-programs/programs/registry/../ans_utils"
checksum = "00f4885f073789d0340bebfd0a055d319e11509c7242bf7bba73fd955e458e72"
dependencies = []

[[package]]
name = "aleo_name_service_registry_v4.aleo"
location = "local"
path = "/Users/palong/bandersnatch/projects/zmarket/programs/listings/ans/../../../../ans-programs/programs/registry/"
checksum = "9299fd350a8349ef4380eaeac9ba7d2e2050551e0562168e7f30e59cab5619c4"
dependencies = ["ans_utils_v2.aleo"]

[[package]]
name = "credits.aleo"
network = "testnet"
location = "network"
checksum = "e185a49fba7f5e477c3fedf8968be9912ae7d8db34531c246041e899175e4d33"
dependencies = []

[[package]]
name = "zmarket_marketplace.aleo"
location = "local"
path = "/Users/palong/bandersnatch/projects/zmarket/programs/listings/ans/../../utils/volume/"
checksum = "42477fbb8eea17e7fea3acf88963895921185108ba9234bde66d06aac62762f7"
dependencies = ["credits.aleo"]

[[package]]
name = "ans_authority.aleo"
location = "local"
path = "/Users/palong/bandersnatch/projects/zmarket/programs/listings/ans/../../utils/ans_listing_royalty/../ans_authority"
checksum = "a2baf57b98ddbdc32681d53ee82f4034e836b9213197598a371db5f88317241b"
dependencies = []

[[package]]
name = "ans_listing_royalty.aleo"
location = "local"
path = "/Users/palong/bandersnatch/projects/zmarket/programs/listings/ans/../../utils/ans_listing_royalty"
checksum = "6066067ea05e4c94723032cc7536710f84bca480a4cb497a589b829f74e79dae"
dependencies = ["ans_authority.aleo"]

[[package]]
name = "zmarket_authority.aleo"
location = "local"
path = "/Users/palong/bandersnatch/projects/zmarket/programs/listings/ans/../../utils/zmarket_royalty/../zmarket_authority"
checksum = "4863a50dfbdd4d4ac838e1d3a3fdd58554c7691eb4911dc641e099308b2fb017"
dependencies = []

[[package]]
name = "zmarket_royalty.aleo"
location = "local"
path = "/Users/palong/bandersnatch/projects/zmarket/programs/listings/ans/../../utils/zmarket_royalty"
checksum = "6815e3033fa23e57c6cd2fe57e47a75dc1b37d0dbf8374d5af4109c5dabb3dea"
dependencies = ["zmarket_authority.aleo"]
